
Microsoft Visual Studio Solution File, Format Version 12.00
# Visual Studio 2013
VisualStudioVersion = 12.0.40629.0
MinimumVisualStudioVersion = 10.0.40219.1
Project("{FAE04EC0-301F-11D3-BF4B-00C04F79EFBC}") = "ng2-api", "ng2-api\ng2-api.csproj", "{F2E98BF2-C11B-4B3C-9D34-B1BED8A22CD9}"
EndProject
Project("{FAE04EC0-301F-11D3-BF4B-00C04F79EFBC}") = "ng2-api.Tests", "ng2-api.Tests\ng2-api.Tests.csproj", "{FF7D8A3F-28F0-4357-A62F-57C992BAC2FD}"
EndProject
Global
	GlobalSection(SolutionConfigurationPlatforms) = preSolution
		Debug|Any CPU = Debug|Any CPU
		Release|Any CPU = Release|Any CPU
	EndGlobalSection
	GlobalSection(ProjectConfigurationPlatforms) = postSolution
		{F2E98BF2-C11B-4B3C-9D34-B1BED8A22CD9}.Debug|Any CPU.ActiveCfg = Debug|Any CPU
		{F2E98BF2-C11B-4B3C-9D34-B1BED8A22CD9}.Debug|Any CPU.Build.0 = Debug|Any CPU
		{F2E98BF2-C11B-4B3C-9D34-B1BED8A22CD9}.Release|Any CPU.ActiveCfg = Release|Any CPU
		{F2E98BF2-C11B-4B3C-9D34-B1BED8A22CD9}.Release|Any CPU.Build.0 = Release|Any CPU
		{FF7D8A3F-28F0-4357-A62F-57C992BAC2FD}.Debug|Any CPU.ActiveCfg = Debug|Any CPU
		{FF7D8A3F-28F0-4357-A62F-57C992BAC2FD}.Debug|Any CPU.Build.0 = Debug|Any CPU
		{FF7D8A3F-28F0-4357-A62F-57C992BAC2FD}.Release|Any CPU.ActiveCfg = Release|Any CPU
		{FF7D8A3F-28F0-4357-A62F-57C992BAC2FD}.Release|Any CPU.Build.0 = Release|Any CPU
	EndGlobalSection
	GlobalSection(SolutionProperties) = preSolution
		HideSolutionNode = FALSE
	EndGlobalSection
EndGlobal
